
Microsoft Visual Studio Solution File, Format Version 12.00
# Visual Studio Version 17
VisualStudioVersion = 17.4.33122.133
MinimumVisualStudioVersion = 10.0.40219.1
Project("{FAE04EC0-301F-11D3-BF4B-00C04F79EFBC}") = "Proiect_Space_Invaders", "Proiect_Space_Invaders.csproj", "{18849889-3AD7-4EC0-B3D7-24214285759C}"
EndProject
Global
	GlobalSection(SolutionConfigurationPlatforms) = preSolution
		Debug|Any CPU = Debug|Any CPU
		Release|Any CPU = Release|Any CPU
	EndGlobalSection
	GlobalSection(ProjectConfigurationPlatforms) = postSolution
		{18849889-3AD7-4EC0-B3D7-24214285759C}.Debug|Any CPU.ActiveCfg = Debug|Any CPU
		{18849889-3AD7-4EC0-B3D7-24214285759C}.Debug|Any CPU.Build.0 = Debug|Any CPU
		{18849889-3AD7-4EC0-B3D7-24214285759C}.Release|Any CPU.ActiveCfg = Release|Any CPU
		{18849889-3AD7-4EC0-B3D7-24214285759C}.Release|Any CPU.Build.0 = Release|Any CPU
	EndGlobalSection
	GlobalSection(SolutionProperties) = preSolution
		HideSolutionNode = FALSE
	EndGlobalSection
	GlobalSection(ExtensibilityGlobals) = postSolution
		SolutionGuid = {648EA590-5A7E-4C97-AE9F-AF79DEC59501}
	EndGlobalSection
EndGlobal
